
Microsoft Visual Studio Solution File, Format Version 12.00
# Visual Studio Version 17
VisualStudioVersion = 17.14.36414.22 d17.14
MinimumVisualStudioVersion = 10.0.40219.1
Project("{FAE04EC0-301F-11D3-BF4B-00C04F79EFBC}") = "Working_with_ForignKey", "Working_with_ForignKey.csproj", "{0FCA6F43-5AC6-47D8-9153-50E5DE17CAF3}"
EndProject
Global
	GlobalSection(SolutionConfigurationPlatforms) = preSolution
		Debug|Any CPU = Debug|Any CPU
		Release|Any CPU = Release|Any CPU
	EndGlobalSection
	GlobalSection(ProjectConfigurationPlatforms) = postSolution
		{0FCA6F43-5AC6-47D8-9153-50E5DE17CAF3}.Debug|Any CPU.ActiveCfg = Debug|Any CPU
		{0FCA6F43-5AC6-47D8-9153-50E5DE17CAF3}.Debug|Any CPU.Build.0 = Debug|Any CPU
		{0FCA6F43-5AC6-47D8-9153-50E5DE17CAF3}.Release|Any CPU.ActiveCfg = Release|Any CPU
		{0FCA6F43-5AC6-47D8-9153-50E5DE17CAF3}.Release|Any CPU.Build.0 = Release|Any CPU
	EndGlobalSection
	GlobalSection(SolutionProperties) = preSolution
		HideSolutionNode = FALSE
	EndGlobalSection
	GlobalSection(ExtensibilityGlobals) = postSolution
		SolutionGuid = {C5074A31-D214-4C07-9BD5-DD33E33551CE}
	EndGlobalSection
EndGlobal
